RESTRICTION: || (== net45) (== netcoreapp2.0) (== netstandard2.0)
NUGET
  remote: https://www.nuget.org/api/v2
    FSharp.Core (4.3.4)
    NETStandard.Library.NETFramework (2.0.0-preview2-25405-01)
GITHUB
  remote: fsprojects/FSharp.TypeProviders.SDK
    src/ProvidedTypes.fs (4c8d754453da9761a62e360b739e36bacc2a38f8)
    src/ProvidedTypes.fsi (4c8d754453da9761a62e360b739e36bacc2a38f8)
GROUP Test
RESTRICTION: || (== net461) (== netcoreapp2.0)
NUGET
  remote: https://www.nuget.org/api/v2
    FSharp.Core (4.3.4)
    Microsoft.NETCore.Platforms (2.1.1) - restriction: || (&& (== net461) (< net45)) (&& (== net461) (< net452)) (&& (== net461) (>= netcoreapp2.0)) (&& (== net461) (< netstandard1.0)) (&& (== net461) (< netstandard1.3) (>= wpa81)) (&& (== net461) (< portable-net45+win8+wpa81)) (&& (== net461) (>= uap10.0)) (&& (== net461) (>= uap10.1)) (&& (== net461) (>= wp8)) (== netcoreapp2.0)
    NETStandard.Library (2.0.3) - restriction: || (&& (== net461) (< net452)) (== netcoreapp2.0)
      Microsoft.NETCore.Platforms (>= 1.1)
    xunit (2.4.1)
      xunit.analyzers (>= 0.10)
      xunit.assert (2.4.1)
      xunit.core (2.4.1)
    xunit.abstractions (2.0.3)
    xunit.analyzers (0.10)
    xunit.assert (2.4.1)
      NETStandard.Library (>= 1.6.1) - restriction: || (&& (== net461) (< net452)) (== netcoreapp2.0)
    xunit.core (2.4.1)
      xunit.extensibility.core (2.4.1)
      xunit.extensibility.execution (2.4.1)
    xunit.extensibility.core (2.4.1)
      NETStandard.Library (>= 1.6.1) - restriction: || (&& (== net461) (< net452)) (== netcoreapp2.0)
      xunit.abstractions (>= 2.0.3)
    xunit.extensibility.execution (2.4.1)
      NETStandard.Library (>= 1.6.1) - restriction: || (&& (== net461) (< net452)) (== netcoreapp2.0)
      xunit.extensibility.core (2.4.1)
